
Microsoft Visual Studio Solution File, Format Version 12.00
# Visual Studio Version 16
VisualStudioVersion = 16.0.31205.134
MinimumVisualStudioVersion = 10.0.40219.1
Project("{9A19103F-16F7-4668-BE54-9A1E7A4F7556}") = "Payments.Web", "Payments.Web\Payments.Web.csproj", "{C9B9A9A4-F78A-456A-A0D9-F6186409E172}"
	ProjectSection(ProjectDependencies) = postProject
		{1E773DB0-3671-4078-88A7-75C041D93620} = {1E773DB0-3671-4078-88A7-75C041D93620}
	EndProjectSection
EndProject
Project("{9A19103F-16F7-4668-BE54-9A1E7A4F7556}") = "Payment.Models", "Payment.Models\Payment.Models.csproj", "{DCDB6F3E-B163-481C-B84B-8BD33BCE71FF}"
EndProject
Project("{9A19103F-16F7-4668-BE54-9A1E7A4F7556}") = "Payments.Api", "Payments.Api\Payments.Api.csproj", "{1E773DB0-3671-4078-88A7-75C041D93620}"
EndProject
Global
	GlobalSection(SolutionConfigurationPlatforms) = preSolution
		Debug|Any CPU = Debug|Any CPU
		Release|Any CPU = Release|Any CPU
	EndGlobalSection
	GlobalSection(ProjectConfigurationPlatforms) = postSolution
		{C9B9A9A4-F78A-456A-A0D9-F6186409E172}.Debug|Any CPU.ActiveCfg = Debug|Any CPU
		{C9B9A9A4-F78A-456A-A0D9-F6186409E172}.Debug|Any CPU.Build.0 = Debug|Any CPU
		{C9B9A9A4-F78A-456A-A0D9-F6186409E172}.Release|Any CPU.ActiveCfg = Release|Any CPU
		{C9B9A9A4-F78A-456A-A0D9-F6186409E172}.Release|Any CPU.Build.0 = Release|Any CPU
		{DCDB6F3E-B163-481C-B84B-8BD33BCE71FF}.Debug|Any CPU.ActiveCfg = Debug|Any CPU
		{DCDB6F3E-B163-481C-B84B-8BD33BCE71FF}.Debug|Any CPU.Build.0 = Debug|Any CPU
		{DCDB6F3E-B163-481C-B84B-8BD33BCE71FF}.Release|Any CPU.ActiveCfg = Release|Any CPU
		{DCDB6F3E-B163-481C-B84B-8BD33BCE71FF}.Release|Any CPU.Build.0 = Release|Any CPU
		{1E773DB0-3671-4078-88A7-75C041D93620}.Debug|Any CPU.ActiveCfg = Debug|Any CPU
		{1E773DB0-3671-4078-88A7-75C041D93620}.Debug|Any CPU.Build.0 = Debug|Any CPU
		{1E773DB0-3671-4078-88A7-75C041D93620}.Release|Any CPU.ActiveCfg = Release|Any CPU
		{1E773DB0-3671-4078-88A7-75C041D93620}.Release|Any CPU.Build.0 = Release|Any CPU
	EndGlobalSection
	GlobalSection(SolutionProperties) = preSolution
		HideSolutionNode = FALSE
	EndGlobalSection
	GlobalSection(ExtensibilityGlobals) = postSolution
		SolutionGuid = {C911153B-5FF0-4845-9EED-BACA2A862937}
	EndGlobalSection
EndGlobal
